// !$*UTF8*$!
{
	archiveVersion = 1;
	classes = {
	};
	objectVersion = 55;
	objects = {

/* Begin PBXBuildFile section */
		C04CF2EF27ED4BE700887E5A /* TwoCityScheduling.swift in Sources */ = {isa = PBXBuildFile; fileRef = C04CF2EE27ED4BE700887E5A /* TwoCityScheduling.swift */; };
		C05A9F6027EBFBB60064D06B /* BoatsToSavePeople.swift in Sources */ = {isa = PBXBuildFile; fileRef = C05A9F5F27EBFBB60064D06B /* BoatsToSavePeople.swift */; };
		C05A9F6427EC07DE0064D06B /* MinimumDominoRotationsForEqualRow.swift in Sources */ = {isa = PBXBuildFile; fileRef = C05A9F6327EC07DE0064D06B /* MinimumDominoRotationsForEqualRow.swift */; };
		C05A9F6627EC16000064D06B /* RemoveDuplicateLetters.swift in Sources */ = {isa = PBXBuildFile; fileRef = C05A9F6527EC16000064D06B /* RemoveDuplicateLetters.swift */; };
		C05A9F6927EC42100064D06B /* ScoreOfParentheses.swift in Sources */ = {isa = PBXBuildFile; fileRef = C05A9F6827EC42100064D06B /* ScoreOfParentheses.swift */; };
		C0B123D027EAF0D700CDB342 /* BrokenCalculator.swift in Sources */ = {isa = PBXBuildFile; fileRef = C0B123CF27EAF0D700CDB342 /* BrokenCalculator.swift */; };
		C0B123D227EAF76100CDB342 /* PartitionLabels.swift in Sources */ = {isa = PBXBuildFile; fileRef = C0B123D127EAF76100CDB342 /* PartitionLabels.swift */; };
		CDBDE04627E9D06800BF5B17 /* main.swift in Sources */ = {isa = PBXBuildFile; fileRef = CDBDE04527E9D06800BF5B17 /* main.swift */; };
		CDBDE04E27E9D2A800BF5B17 /* SmallestStringWithAGivenNumericValue.swift in Sources */ = {isa = PBXBuildFile; fileRef = CDBDE04D27E9D2A800BF5B17 /* SmallestStringWithAGivenNumericValue.swift */; };
/* End PBXBuildFile section */

/* Begin PBXCopyFilesBuildPhase section */
		CDBDE04027E9D06800BF5B17 /* CopyFiles */ = {
			isa = PBXCopyFilesBuildPhase;
			buildActionMask = 2147483647;
			dstPath = /usr/share/man/man1/;
			dstSubfolderSpec = 0;
			files = (
			);
			runOnlyForDeploymentPostprocessing = 1;
		};
/* End PBXCopyFilesBuildPhase section */

/* Begin PBXFileReference section */
		C04CF2EE27ED4BE700887E5A /* TwoCityScheduling.swift */ = {isa = PBXFileReference; lastKnownFileType = sourcecode.swift; path = TwoCityScheduling.swift; sourceTree = "<group>"; };
		C05A9F5F27EBFBB60064D06B /* BoatsToSavePeople.swift */ = {isa = PBXFileReference; lastKnownFileType = sourcecode.swift; path = BoatsToSavePeople.swift; sourceTree = "<group>"; };
		C05A9F6327EC07DE0064D06B /* MinimumDominoRotationsForEqualRow.swift */ = {isa = PBXFileReference; lastKnownFileType = sourcecode.swift; path = MinimumDominoRotationsForEqualRow.swift; sourceTree = "<group>"; };
		C05A9F6527EC16000064D06B /* RemoveDuplicateLetters.swift */ = {isa = PBXFileReference; lastKnownFileType = sourcecode.swift; path = RemoveDuplicateLetters.swift; sourceTree = "<group>"; };
		C05A9F6827EC42100064D06B /* ScoreOfParentheses.swift */ = {isa = PBXFileReference; lastKnownFileType = sourcecode.swift; path = ScoreOfParentheses.swift; sourceTree = "<group>"; };
		C0B123CF27EAF0D700CDB342 /* BrokenCalculator.swift */ = {isa = PBXFileReference; lastKnownFileType = sourcecode.swift; path = BrokenCalculator.swift; sourceTree = "<group>"; };
		C0B123D127EAF76100CDB342 /* PartitionLabels.swift */ = {isa = PBXFileReference; lastKnownFileType = sourcecode.swift; path = PartitionLabels.swift; sourceTree = "<group>"; };
		CDBDE04227E9D06800BF5B17 /* Algorithm */ = {isa = PBXFileReference; explicitFileType = "compiled.mach-o.executable"; includeInIndex = 0; path = Algorithm; sourceTree = BUILT_PRODUCTS_DIR; };
		CDBDE04527E9D06800BF5B17 /* main.swift */ = {isa = PBXFileReference; lastKnownFileType = sourcecode.swift; path = main.swift; sourceTree = "<group>"; };
		CDBDE04D27E9D2A800BF5B17 /* SmallestStringWithAGivenNumericValue.swift */ = {isa = PBXFileReference; lastKnownFileType = sourcecode.swift; path = SmallestStringWithAGivenNumericValue.swift; sourceTree = "<group>"; };
/* End PBXFileReference section */

/* Begin PBXFrameworksBuildPhase section */
		CDBDE03F27E9D06800BF5B17 /* Frameworks */ = {
			isa = PBXFrameworksBuildPhase;
			buildActionMask = 2147483647;
			files = (
			);
			runOnlyForDeploymentPostprocessing = 0;
		};
/* End PBXFrameworksBuildPhase section */

/* Begin PBXGroup section */
		C04CF2ED27ED4BD000887E5A /* Sorting */ = {
			isa = PBXGroup;
			children = (
				C04CF2EE27ED4BE700887E5A /* TwoCityScheduling.swift */,
			);
			path = Sorting;
			sourceTree = "<group>";
		};
		C05A9F5E27EBFB9E0064D06B /* Two Pointer */ = {
			isa = PBXGroup;
			children = (
				C0B123D127EAF76100CDB342 /* PartitionLabels.swift */,
				C05A9F5F27EBFBB60064D06B /* BoatsToSavePeople.swift */,
			);
			path = "Two Pointer";
			sourceTree = "<group>";
		};
		C05A9F6227EC02000064D06B /* LeetCode */ = {
			isa = PBXGroup;
			children = (
				C04CF2ED27ED4BD000887E5A /* Sorting */,
				C05A9F6727EC39D80064D06B /* Stack */,
				C05A9F5E27EBFB9E0064D06B /* Two Pointer */,
				CDBDE04C27E9D10000BF5B17 /* Greedy */,
			);
			path = LeetCode;
			sourceTree = "<group>";
		};
		C05A9F6727EC39D80064D06B /* Stack */ = {
			isa = PBXGroup;
			children = (
				C05A9F6527EC16000064D06B /* RemoveDuplicateLetters.swift */,
				C05A9F6827EC42100064D06B /* ScoreOfParentheses.swift */,
			);
			path = Stack;
			sourceTree = "<group>";
		};
		CDBDE03927E9D06800BF5B17 = {
			isa = PBXGroup;
			children = (
				CDBDE04427E9D06800BF5B17 /* Algorithm */,
				CDBDE04327E9D06800BF5B17 /* Products */,
			);
			sourceTree = "<group>";
		};
		CDBDE04327E9D06800BF5B17 /* Products */ = {
			isa = PBXGroup;
			children = (
				CDBDE04227E9D06800BF5B17 /* Algorithm */,
			);
			name = Products;
			sourceTree = "<group>";
		};
		CDBDE04427E9D06800BF5B17 /* Algorithm */ = {
			isa = PBXGroup;
			children = (
				C05A9F6227EC02000064D06B /* LeetCode */,
				CDBDE04527E9D06800BF5B17 /* main.swift */,
			);
			path = Algorithm;
			sourceTree = "<group>";
		};
		CDBDE04C27E9D10000BF5B17 /* Greedy */ = {
			isa = PBXGroup;
			children = (
				CDBDE04D27E9D2A800BF5B17 /* SmallestStringWithAGivenNumericValue.swift */,
				C0B123CF27EAF0D700CDB342 /* BrokenCalculator.swift */,
				C05A9F6327EC07DE0064D06B /* MinimumDominoRotationsForEqualRow.swift */,
			);
			path = Greedy;
			sourceTree = "<group>";
		};
/* End PBXGroup section */

/* Begin PBXNativeTarget section */
		CDBDE04127E9D06800BF5B17 /* Algorithm */ = {
			isa = PBXNativeTarget;
			buildConfigurationList = CDBDE04927E9D06800BF5B17 /* Build configuration list for PBXNativeTarget "Algorithm" */;
			buildPhases = (
				CDBDE03E27E9D06800BF5B17 /* Sources */,
				CDBDE03F27E9D06800BF5B17 /* Frameworks */,
				CDBDE04027E9D06800BF5B17 /* CopyFiles */,
			);
			buildRules = (
			);
			dependencies = (
			);
			name = Algorithm;
			productName = Algorithm;
			productReference = CDBDE04227E9D06800BF5B17 /* Algorithm */;
			productType = "com.apple.product-type.tool";
		};
/* End PBXNativeTarget section */

/* Begin PBXProject section */
		CDBDE03A27E9D06800BF5B17 /* Project object */ = {
			isa = PBXProject;
			attributes = {
				BuildIndependentTargetsInParallel = 1;
				LastSwiftUpdateCheck = 1330;
				LastUpgradeCheck = 1330;
				TargetAttributes = {
					CDBDE04127E9D06800BF5B17 = {
						CreatedOnToolsVersion = 13.3;
					};
				};
			};
			buildConfigurationList = CDBDE03D27E9D06800BF5B17 /* Build configuration list for PBXProject "Algorithm" */;
			compatibilityVersion = "Xcode 13.0";
			developmentRegion = en;
			hasScannedForEncodings = 0;
			knownRegions = (
				en,
				Base,
			);
			mainGroup = CDBDE03927E9D06800BF5B17;
			productRefGroup = CDBDE04327E9D06800BF5B17 /* Products */;
			projectDirPath = "";
			projectRoot = "";
			targets = (
				CDBDE04127E9D06800BF5B17 /* Algorithm */,
			);
		};
/* End PBXProject section */

/* Begin PBXSourcesBuildPhase section */
		CDBDE03E27E9D06800BF5B17 /* Sources */ = {
			isa = PBXSourcesBuildPhase;
			buildActionMask = 2147483647;
			files = (
				C05A9F6627EC16000064D06B /* RemoveDuplicateLetters.swift in Sources */,
				C05A9F6427EC07DE0064D06B /* MinimumDominoRotationsForEqualRow.swift in Sources */,
				C0B123D027EAF0D700CDB342 /* BrokenCalculator.swift in Sources */,
				C04CF2EF27ED4BE700887E5A /* TwoCityScheduling.swift in Sources */,
				C0B123D227EAF76100CDB342 /* PartitionLabels.swift in Sources */,
				CDBDE04627E9D06800BF5B17 /* main.swift in Sources */,
				CDBDE04E27E9D2A800BF5B17 /* SmallestStringWithAGivenNumericValue.swift in Sources */,
				C05A9F6927EC42100064D06B /* ScoreOfParentheses.swift in Sources */,
				C05A9F6027EBFBB60064D06B /* BoatsToSavePeople.swift in Sources */,
			);
			runOnlyForDeploymentPostprocessing = 0;
		};
/* End PBXSourcesBuildPhase section */

/* Begin XCBuildConfiguration section */
		CDBDE04727E9D06800BF5B17 /* Debug */ = {
			isa = XCBuildConfiguration;
			buildSettings = {
				ALWAYS_SEARCH_USER_PATHS = NO;
				CLANG_ANALYZER_NONNULL = YES;
				CLANG_ANALYZER_NUMBER_OBJECT_CONVERSION = YES_AGGRESSIVE;
				CLANG_CXX_LANGUAGE_STANDARD = "gnu++17";
				CLANG_ENABLE_MODULES = YES;
				CLANG_ENABLE_OBJC_ARC = YES;
				CLANG_ENABLE_OBJC_WEAK = YES;
				CLANG_WARN_BLOCK_CAPTURE_AUTORELEASING = YES;
				CLANG_WARN_BOOL_CONVERSION = YES;
				CLANG_WARN_COMMA = YES;
				CLANG_WARN_CONSTANT_CONVERSION = YES;
				CLANG_WARN_DEPRECATED_OBJC_IMPLEMENTATIONS = YES;
				CLANG_WARN_DIRECT_OBJC_ISA_USAGE = YES_ERROR;
				CLANG_WARN_DOCUMENTATION_COMMENTS = YES;
				CLANG_WARN_EMPTY_BODY = YES;
				CLANG_WARN_ENUM_CONVERSION = YES;
				CLANG_WARN_INFINITE_RECURSION = YES;
				CLANG_WARN_INT_CONVERSION = YES;
				CLANG_WARN_NON_LITERAL_NULL_CONVERSION = YES;
				CLANG_WARN_OBJC_IMPLICIT_RETAIN_SELF = YES;
				CLANG_WARN_OBJC_LITERAL_CONVERSION = YES;
				CLANG_WARN_OBJC_ROOT_CLASS = YES_ERROR;
				CLANG_WARN_QUOTED_INCLUDE_IN_FRAMEWORK_HEADER = YES;
				CLANG_WARN_RANGE_LOOP_ANALYSIS = YES;
				CLANG_WARN_STRICT_PROTOTYPES = YES;
				CLANG_WARN_SUSPICIOUS_MOVE = YES;
				CLANG_WARN_UNGUARDED_AVAILABILITY = YES_AGGRESSIVE;
				CLANG_WARN_UNREACHABLE_CODE = YES;
				CLANG_WARN__DUPLICATE_METHOD_MATCH = YES;
				COPY_PHASE_STRIP = NO;
				DEBUG_INFORMATION_FORMAT = dwarf;
				ENABLE_STRICT_OBJC_MSGSEND = YES;
				ENABLE_TESTABILITY = YES;
				GCC_C_LANGUAGE_STANDARD = gnu11;
				GCC_DYNAMIC_NO_PIC = NO;
				GCC_NO_COMMON_BLOCKS = YES;
				GCC_OPTIMIZATION_LEVEL = 0;
				GCC_PREPROCESSOR_DEFINITIONS = (
					"DEBUG=1",
					"$(inherited)",
				);
				GCC_WARN_64_TO_32_BIT_CONVERSION = YES;
				GCC_WARN_ABOUT_RETURN_TYPE = YES_ERROR;
				GCC_WARN_UNDECLARED_SELECTOR = YES;
				GCC_WARN_UNINITIALIZED_AUTOS = YES_AGGRESSIVE;
				GCC_WARN_UNUSED_FUNCTION = YES;
				GCC_WARN_UNUSED_VARIABLE = YES;
				MACOSX_DEPLOYMENT_TARGET = 12.2;
				MTL_ENABLE_DEBUG_INFO = INCLUDE_SOURCE;
				MTL_FAST_MATH = YES;
				ONLY_ACTIVE_ARCH = YES;
				SDKROOT = macosx;
				SWIFT_ACTIVE_COMPILATION_CONDITIONS = DEBUG;
				SWIFT_OPTIMIZATION_LEVEL = "-Onone";
			};
			name = Debug;
		};
		CDBDE04827E9D06800BF5B17 /* Release */ = {
			isa = XCBuildConfiguration;
			buildSettings = {
				ALWAYS_SEARCH_USER_PATHS = NO;
				CLANG_ANALYZER_NONNULL = YES;
				CLANG_ANALYZER_NUMBER_OBJECT_CONVERSION = YES_AGGRESSIVE;
				CLANG_CXX_LANGUAGE_STANDARD = "gnu++17";
				CLANG_ENABLE_MODULES = YES;
				CLANG_ENABLE_OBJC_ARC = YES;
				CLANG_ENABLE_OBJC_WEAK = YES;
				CLANG_WARN_BLOCK_CAPTURE_AUTORELEASING = YES;
				CLANG_WARN_BOOL_CONVERSION = YES;
				CLANG_WARN_COMMA = YES;
				CLANG_WARN_CONSTANT_CONVERSION = YES;
				CLANG_WARN_DEPRECATED_OBJC_IMPLEMENTATIONS = YES;
				CLANG_WARN_DIRECT_OBJC_ISA_USAGE = YES_ERROR;
				CLANG_WARN_DOCUMENTATION_COMMENTS = YES;
				CLANG_WARN_EMPTY_BODY = YES;
				CLANG_WARN_ENUM_CONVERSION = YES;
				CLANG_WARN_INFINITE_RECURSION = YES;
				CLANG_WARN_INT_CONVERSION = YES;
				CLANG_WARN_NON_LITERAL_NULL_CONVERSION = YES;
				CLANG_WARN_OBJC_IMPLICIT_RETAIN_SELF = YES;
				CLANG_WARN_OBJC_LITERAL_CONVERSION = YES;
				CLANG_WARN_OBJC_ROOT_CLASS = YES_ERROR;
				CLANG_WARN_QUOTED_INCLUDE_IN_FRAMEWORK_HEADER = YES;
				CLANG_WARN_RANGE_LOOP_ANALYSIS = YES;
				CLANG_WARN_STRICT_PROTOTYPES = YES;
				CLANG_WARN_SUSPICIOUS_MOVE = YES;
				CLANG_WARN_UNGUARDED_AVAILABILITY = YES_AGGRESSIVE;
				CLANG_WARN_UNREACHABLE_CODE = YES;
				CLANG_WARN__DUPLICATE_METHOD_MATCH = YES;
				COPY_PHASE_STRIP = NO;
				DEBUG_INFORMATION_FORMAT = "dwarf-with-dsym";
				ENABLE_NS_ASSERTIONS = NO;
				ENABLE_STRICT_OBJC_MSGSEND = YES;
				GCC_C_LANGUAGE_STANDARD = gnu11;
				GCC_NO_COMMON_BLOCKS = YES;
				GCC_WARN_64_TO_32_BIT_CONVERSION = YES;
				GCC_WARN_ABOUT_RETURN_TYPE = YES_ERROR;
				GCC_WARN_UNDECLARED_SELECTOR = YES;
				GCC_WARN_UNINITIALIZED_AUTOS = YES_AGGRESSIVE;
				GCC_WARN_UNUSED_FUNCTION = YES;
				GCC_WARN_UNUSED_VARIABLE = YES;
				MACOSX_DEPLOYMENT_TARGET = 12.2;
				MTL_ENABLE_DEBUG_INFO = NO;
				MTL_FAST_MATH = YES;
				SDKROOT = macosx;
				SWIFT_COMPILATION_MODE = wholemodule;
				SWIFT_OPTIMIZATION_LEVEL = "-O";
			};
			name = Release;
		};
		CDBDE04A27E9D06800BF5B17 /* Debug */ = {
			isa = XCBuildConfiguration;
			buildSettings = {
				CODE_SIGN_STYLE = Automatic;
				DEVELOPMENT_TEAM = YJQB4DVQ35;
				ENABLE_HARDENED_RUNTIME = YES;
				PRODUCT_NAME = "$(TARGET_NAME)";
				SWIFT_VERSION = 5.0;
			};
			name = Debug;
		};
		CDBDE04B27E9D06800BF5B17 /* Release */ = {
			isa = XCBuildConfiguration;
			buildSettings = {
				CODE_SIGN_STYLE = Automatic;
				DEVELOPMENT_TEAM = YJQB4DVQ35;
				ENABLE_HARDENED_RUNTIME = YES;
				PRODUCT_NAME = "$(TARGET_NAME)";
				SWIFT_VERSION = 5.0;
			};
			name = Release;
		};
/* End XCBuildConfiguration section */

/* Begin XCConfigurationList section */
		CDBDE03D27E9D06800BF5B17 /* Build configuration list for PBXProject "Algorithm" */ = {
			isa = XCConfigurationList;
			buildConfigurations = (
				CDBDE04727E9D06800BF5B17 /* Debug */,
				CDBDE04827E9D06800BF5B17 /* Release */,
			);
			defaultConfigurationIsVisible = 0;
			defaultConfigurationName = Release;
		};
		CDBDE04927E9D06800BF5B17 /* Build configuration list for PBXNativeTarget "Algorithm" */ = {
			isa = XCConfigurationList;
			buildConfigurations = (
				CDBDE04A27E9D06800BF5B17 /* Debug */,
				CDBDE04B27E9D06800BF5B17 /* Release */,
			);
			defaultConfigurationIsVisible = 0;
			defaultConfigurationName = Release;
		};
/* End XCConfigurationList section */
	};
	rootObject = CDBDE03A27E9D06800BF5B17 /* Project object */;
}
